
Microsoft Visual Studio Solution File, Format Version 12.00
# Visual Studio 15
VisualStudioVersion = 15.0.26730.8
MinimumVisualStudioVersion = 10.0.40219.1
Project("{2150E333-8FDC-42A3-9474-1A3956D46DE8}") = "2-Domain", "2-Domain", "{C7A89A0B-D7B9-479E-A122-77C190565BB4}"
EndProject
Project("{2150E333-8FDC-42A3-9474-1A3956D46DE8}") = "0-Apresentacao", "0-Apresentacao", "{CFDE2689-9444-42E8-BB12-4FB8E4FF07D8}"
EndProject
Project("{2150E333-8FDC-42A3-9474-1A3956D46DE8}") = "3-Infra", "3-Infra", "{63F68C80-945C-4B80-A607-FD91BF366C9E}"
EndProject
Project("{FAE04EC0-301F-11D3-BF4B-00C04F79EFBC}") = "CarrinhoDeCompras.Infra.CrossCutting.IoC", "CarrinhoDeCompras.Infra.CrossCutting.IoC\CarrinhoDeCompras.Infra.CrossCutting.IoC.csproj", "{A98DA5D9-2BFB-4B8F-80EB-FD419DA77596}"
EndProject
Project("{FAE04EC0-301F-11D3-BF4B-00C04F79EFBC}") = "CarrinhoDeCompras.Infra.Data.EF", "CarrinhoDeCompras.Infra.Data.EF\CarrinhoDeCompras.Infra.Data.EF.csproj", "{578FA38E-D151-409D-8A8E-B16C1547C8C3}"
EndProject
Project("{2150E333-8FDC-42A3-9474-1A3956D46DE8}") = "1-Application", "1-Application", "{0171F396-22DF-457E-AA94-CD29EC923218}"
EndProject
Project("{FAE04EC0-301F-11D3-BF4B-00C04F79EFBC}") = "CarrinhoDeCompras.Application", "CarrinhoDeCompras.Application\CarrinhoDeCompras.Application.csproj", "{A38D3083-FB9E-4228-BFB7-628F04C9AD69}"
EndProject
Project("{FAE04EC0-301F-11D3-BF4B-00C04F79EFBC}") = "CarrinhoDeCompras.Domain", "CarrinhoDeCompras.Domain\CarrinhoDeCompras.Domain.csproj", "{77CE91AE-EBF3-4409-BF4E-38F6FC84FA76}"
EndProject
Project("{FAE04EC0-301F-11D3-BF4B-00C04F79EFBC}") = "CarrinhoDeCompras.UI", "CarrinhoDeCompras.UI\CarrinhoDeCompras.UI.csproj", "{058B6A54-F59E-4AC0-BFAA-6FB1F1881526}"
EndProject
Project("{FAE04EC0-301F-11D3-BF4B-00C04F79EFBC}") = "CarrinhoDeCompras.UI.Tests", "CarrinhoDeCompras.UI.Tests\CarrinhoDeCompras.UI.Tests.csproj", "{3D0DFA36-A173-4203-9CE6-9619D12DF53C}"
EndProject
Project("{FAE04EC0-301F-11D3-BF4B-00C04F79EFBC}") = "CarrinhoDeCompras.Application.Test", "CarrinhoDeCompras.Application.Test\CarrinhoDeCompras.Application.Test.csproj", "{02C40075-95BA-450E-BBF7-037AA955D99A}"
EndProject
Global
	GlobalSection(SolutionConfigurationPlatforms) = preSolution
		Debug|Any CPU = Debug|Any CPU
		Release|Any CPU = Release|Any CPU
	EndGlobalSection
	GlobalSection(ProjectConfigurationPlatforms) = postSolution
		{A98DA5D9-2BFB-4B8F-80EB-FD419DA77596}.Debug|Any CPU.ActiveCfg = Debug|Any CPU
		{A98DA5D9-2BFB-4B8F-80EB-FD419DA77596}.Debug|Any CPU.Build.0 = Debug|Any CPU
		{A98DA5D9-2BFB-4B8F-80EB-FD419DA77596}.Release|Any CPU.ActiveCfg = Release|Any CPU
		{A98DA5D9-2BFB-4B8F-80EB-FD419DA77596}.Release|Any CPU.Build.0 = Release|Any CPU
		{578FA38E-D151-409D-8A8E-B16C1547C8C3}.Debug|Any CPU.ActiveCfg = Debug|Any CPU
		{578FA38E-D151-409D-8A8E-B16C1547C8C3}.Debug|Any CPU.Build.0 = Debug|Any CPU
		{578FA38E-D151-409D-8A8E-B16C1547C8C3}.Release|Any CPU.ActiveCfg = Release|Any CPU
		{578FA38E-D151-409D-8A8E-B16C1547C8C3}.Release|Any CPU.Build.0 = Release|Any CPU
		{A38D3083-FB9E-4228-BFB7-628F04C9AD69}.Debug|Any CPU.ActiveCfg = Debug|Any CPU
		{A38D3083-FB9E-4228-BFB7-628F04C9AD69}.Debug|Any CPU.Build.0 = Debug|Any CPU
		{A38D3083-FB9E-4228-BFB7-628F04C9AD69}.Release|Any CPU.ActiveCfg = Release|Any CPU
		{A38D3083-FB9E-4228-BFB7-628F04C9AD69}.Release|Any CPU.Build.0 = Release|Any CPU
		{77CE91AE-EBF3-4409-BF4E-38F6FC84FA76}.Debug|Any CPU.ActiveCfg = Debug|Any CPU
		{77CE91AE-EBF3-4409-BF4E-38F6FC84FA76}.Debug|Any CPU.Build.0 = Debug|Any CPU
		{77CE91AE-EBF3-4409-BF4E-38F6FC84FA76}.Release|Any CPU.ActiveCfg = Release|Any CPU
		{77CE91AE-EBF3-4409-BF4E-38F6FC84FA76}.Release|Any CPU.Build.0 = Release|Any CPU
		{058B6A54-F59E-4AC0-BFAA-6FB1F1881526}.Debug|Any CPU.ActiveCfg = Debug|Any CPU
		{058B6A54-F59E-4AC0-BFAA-6FB1F1881526}.Debug|Any CPU.Build.0 = Debug|Any CPU
		{058B6A54-F59E-4AC0-BFAA-6FB1F1881526}.Release|Any CPU.ActiveCfg = Release|Any CPU
		{058B6A54-F59E-4AC0-BFAA-6FB1F1881526}.Release|Any CPU.Build.0 = Release|Any CPU
		{3D0DFA36-A173-4203-9CE6-9619D12DF53C}.Debug|Any CPU.ActiveCfg = Debug|Any CPU
		{3D0DFA36-A173-4203-9CE6-9619D12DF53C}.Debug|Any CPU.Build.0 = Debug|Any CPU
		{3D0DFA36-A173-4203-9CE6-9619D12DF53C}.Release|Any CPU.ActiveCfg = Release|Any CPU
		{3D0DFA36-A173-4203-9CE6-9619D12DF53C}.Release|Any CPU.Build.0 = Release|Any CPU
		{02C40075-95BA-450E-BBF7-037AA955D99A}.Debug|Any CPU.ActiveCfg = Debug|Any CPU
		{02C40075-95BA-450E-BBF7-037AA955D99A}.Debug|Any CPU.Build.0 = Debug|Any CPU
		{02C40075-95BA-450E-BBF7-037AA955D99A}.Release|Any CPU.ActiveCfg = Release|Any CPU
		{02C40075-95BA-450E-BBF7-037AA955D99A}.Release|Any CPU.Build.0 = Release|Any CPU
	EndGlobalSection
	GlobalSection(SolutionProperties) = preSolution
		HideSolutionNode = FALSE
	EndGlobalSection
	GlobalSection(NestedProjects) = preSolution
		{A98DA5D9-2BFB-4B8F-80EB-FD419DA77596} = {63F68C80-945C-4B80-A607-FD91BF366C9E}
		{578FA38E-D151-409D-8A8E-B16C1547C8C3} = {63F68C80-945C-4B80-A607-FD91BF366C9E}
		{A38D3083-FB9E-4228-BFB7-628F04C9AD69} = {0171F396-22DF-457E-AA94-CD29EC923218}
		{77CE91AE-EBF3-4409-BF4E-38F6FC84FA76} = {C7A89A0B-D7B9-479E-A122-77C190565BB4}
		{058B6A54-F59E-4AC0-BFAA-6FB1F1881526} = {CFDE2689-9444-42E8-BB12-4FB8E4FF07D8}
		{3D0DFA36-A173-4203-9CE6-9619D12DF53C} = {CFDE2689-9444-42E8-BB12-4FB8E4FF07D8}
		{02C40075-95BA-450E-BBF7-037AA955D99A} = {0171F396-22DF-457E-AA94-CD29EC923218}
	EndGlobalSection
	GlobalSection(ExtensibilityGlobals) = postSolution
		SolutionGuid = {E78DA2E8-C238-477F-B35B-5DDA1A7DA39E}
	EndGlobalSection
EndGlobal
